{
  "nodes": {
    "microvm": {
      "inputs": {
        "nixpkgs": [
          "nixpkgs"
        ],
        "spectrum": "spectrum"
      },
      "locked": {
        "lastModified": 1775840692,
        "narHash": "sha256-IYTv7dJ13TIB4A4jAggN5FcvLORFx1Fp0Y06PsEK+NI=",
        "owner": "astro",
        "repo": "microvm.nix",
        "rev": "7f5d914c2b7dcb5b4b12758d033fdac3e3b36ae6",
        "type": "github"
      },
      "original": {
        "owner": "astro",
        "repo": "microvm.nix",
        "type": "github"
      }
    },
    "nixos-hardware": {
      "locked": {
        "lastModified": 1775490113,
        "narHash": "sha256-2ZBhDNZZwYkRmefK5XLOusCJHnoeKkoN95hoSGgMxWM=",
        "owner": "NixOS",
        "repo": "nixos-hardware",
        "rev": "c775c2772ba56e906cbeb4e0b2db19079ef11ff7",
        "type": "github"
      },
      "original": {
        "owner": "NixOS",
        "repo": "nixos-hardware",
        "type": "github"
      }
    },
    "nixpkgs": {
      "locked": {
        "lastModified": 1775036866,
        "narHash": "sha256-ZojAnPuCdy657PbTq5V0Y+AHKhZAIwSIT2cb8UgAz/U=",
        "owner": "NixOS",
        "repo": "nixpkgs",
        "rev": "6201e203d09599479a3b3450ed24fa81537ebc4e",
        "type": "github"
      },
      "original": {
        "owner": "NixOS",
        "ref": "nixos-unstable",
        "repo": "nixpkgs",
        "type": "github"
      }
    },
    "root": {
      "inputs": {
        "microvm": "microvm",
        "nixos-hardware": "nixos-hardware",
        "nixpkgs": "nixpkgs",
        "sops-nix": "sops-nix"
      }
    },
    "sops-nix": {
      "inputs": {
        "nixpkgs": [
          "nixpkgs"
        ]
      },
      "locked": {
        "lastModified": 1775682595,
        "narHash": "sha256-0E9PohY/VuESLq0LR4doaH7hTag513sDDW5n5qmHd1Q=",
        "owner": "Mic92",
        "repo": "sops-nix",
        "rev": "d2e8438d5886e92bc5e7c40c035ab6cae0c41f76",
        "type": "github"
      },
      "original": {
        "owner": "Mic92",
        "repo": "sops-nix",
        "type": "github"
      }
    },
    "spectrum": {
      "flake": false,
      "locked": {
        "lastModified": 1772189877,
        "narHash": "sha256-i1p90Rgssb//aNiTDFq46ZG/fk3LmyRLChtp/9lddyA=",
        "ref": "refs/heads/main",
        "rev": "fe39e122d898f66e89ffa17d4f4209989ccb5358",
        "revCount": 1255,
        "type": "git",
        "url": "https://spectrum-os.org/git/spectrum"
      },
      "original": {
        "type": "git",
        "url": "https://spectrum-os.org/git/spectrum"
      }
    }
  },
  "root": "root",
  "version": 7
}
