{
  "nodes": {
    "closefrom3": {
      "inputs": {
        "nixpkgs": [
          "nixpkgs"
        ]
      },
      "locked": {
        "dir": "Util/CloseFrom3",
        "lastModified": 1775477233,
        "narHash": "sha256-ofFjTrztQ0J8YJFf76bA275qJIKdgPR2y1wYqQvo8Z4=",
        "owner": "hypersw",
        "repo": "HyperNix",
        "rev": "73aa3cec21d1650ec9aff71304767d170f31665b",
        "type": "github"
      },
      "original": {
        "dir": "Util/CloseFrom3",
        "owner": "hypersw",
        "repo": "HyperNix",
        "type": "github"
      }
    },
    "nixpkgs": {
      "locked": {
        "lastModified": 1775036866,
        "narHash": "sha256-ZojAnPuCdy657PbTq5V0Y+AHKhZAIwSIT2cb8UgAz/U=",
        "owner": "NixOS",
        "repo": "nixpkgs",
        "rev": "6201e203d09599479a3b3450ed24fa81537ebc4e",
        "type": "github"
      },
      "original": {
        "owner": "NixOS",
        "ref": "nixos-unstable",
        "repo": "nixpkgs",
        "type": "github"
      }
    },
    "root": {
      "inputs": {
        "closefrom3": "closefrom3",
        "nixpkgs": "nixpkgs"
      }
    }
  },
  "root": "root",
  "version": 7
}
